
Microsoft Visual Studio Solution File, Format Version 12.00
# Visual Studio Version 16
VisualStudioVersion = 25.0.1705.0
MinimumVisualStudioVersion = 10.0.40219.1
Project("{FAE04EC0-301F-11D3-BF4B-00C04F79EFBC}") = "EntryWithNumericKeyboard.Android", "EntryWithNumericKeyboard\EntryWithNumericKeyboard.Android\EntryWithNumericKeyboard.Android.csproj", "{E7651E64-7E6D-4B5D-8721-7E23AD8A9498}"
EndProject
Project("{FAE04EC0-301F-11D3-BF4B-00C04F79EFBC}") = "EntryWithNumericKeyboard.iOS", "EntryWithNumericKeyboard\EntryWithNumericKeyboard.iOS\EntryWithNumericKeyboard.iOS.csproj", "{38A1A45E-C7BF-4DE9-973D-B97CB37F725B}"
EndProject
Project("{FAE04EC0-301F-11D3-BF4B-00C04F79EFBC}") = "EntryWithNumericKeyboard", "EntryWithNumericKeyboard\EntryWithNumericKeyboard\EntryWithNumericKeyboard.csproj", "{15A3A317-32D3-4307-805B-132D31C08FC2}"
EndProject
Global
	GlobalSection(SolutionConfigurationPlatforms) = preSolution
		Debug|Any CPU = Debug|Any CPU
		Release|Any CPU = Release|Any CPU
		Debug|iPhoneSimulator = Debug|iPhoneSimulator
		Release|iPhoneSimulator = Release|iPhoneSimulator
		Debug|iPhone = Debug|iPhone
		Release|iPhone = Release|iPhone
	EndGlobalSection
	GlobalSection(ProjectConfigurationPlatforms) = postSolution
		{E7651E64-7E6D-4B5D-8721-7E23AD8A9498}.Debug|Any CPU.ActiveCfg = Debug|Any CPU
		{E7651E64-7E6D-4B5D-8721-7E23AD8A9498}.Debug|Any CPU.Build.0 = Debug|Any CPU
		{E7651E64-7E6D-4B5D-8721-7E23AD8A9498}.Release|Any CPU.ActiveCfg = Release|Any CPU
		{E7651E64-7E6D-4B5D-8721-7E23AD8A9498}.Release|Any CPU.Build.0 = Release|Any CPU
		{E7651E64-7E6D-4B5D-8721-7E23AD8A9498}.Debug|iPhoneSimulator.ActiveCfg = Debug|Any CPU
		{E7651E64-7E6D-4B5D-8721-7E23AD8A9498}.Debug|iPhoneSimulator.Build.0 = Debug|Any CPU
		{E7651E64-7E6D-4B5D-8721-7E23AD8A9498}.Release|iPhoneSimulator.ActiveCfg = Release|Any CPU
		{E7651E64-7E6D-4B5D-8721-7E23AD8A9498}.Release|iPhoneSimulator.Build.0 = Release|Any CPU
		{E7651E64-7E6D-4B5D-8721-7E23AD8A9498}.Debug|iPhone.ActiveCfg = Debug|Any CPU
		{E7651E64-7E6D-4B5D-8721-7E23AD8A9498}.Debug|iPhone.Build.0 = Debug|Any CPU
		{E7651E64-7E6D-4B5D-8721-7E23AD8A9498}.Release|iPhone.ActiveCfg = Release|Any CPU
		{E7651E64-7E6D-4B5D-8721-7E23AD8A9498}.Release|iPhone.Build.0 = Release|Any CPU
		{38A1A45E-C7BF-4DE9-973D-B97CB37F725B}.Debug|Any CPU.ActiveCfg = Debug|iPhoneSimulator
		{38A1A45E-C7BF-4DE9-973D-B97CB37F725B}.Debug|Any CPU.Build.0 = Debug|iPhoneSimulator
		{38A1A45E-C7BF-4DE9-973D-B97CB37F725B}.Release|Any CPU.ActiveCfg = Release|iPhoneSimulator
		{38A1A45E-C7BF-4DE9-973D-B97CB37F725B}.Release|Any CPU.Build.0 = Release|iPhoneSimulator
		{38A1A45E-C7BF-4DE9-973D-B97CB37F725B}.Debug|iPhoneSimulator.ActiveCfg = Debug|iPhoneSimulator
		{38A1A45E-C7BF-4DE9-973D-B97CB37F725B}.Debug|iPhoneSimulator.Build.0 = Debug|iPhoneSimulator
		{38A1A45E-C7BF-4DE9-973D-B97CB37F725B}.Release|iPhoneSimulator.ActiveCfg = Release|iPhoneSimulator
		{38A1A45E-C7BF-4DE9-973D-B97CB37F725B}.Release|iPhoneSimulator.Build.0 = Release|iPhoneSimulator
		{38A1A45E-C7BF-4DE9-973D-B97CB37F725B}.Debug|iPhone.ActiveCfg = Debug|iPhone
		{38A1A45E-C7BF-4DE9-973D-B97CB37F725B}.Debug|iPhone.Build.0 = Debug|iPhone
		{38A1A45E-C7BF-4DE9-973D-B97CB37F725B}.Release|iPhone.ActiveCfg = Release|iPhone
		{38A1A45E-C7BF-4DE9-973D-B97CB37F725B}.Release|iPhone.Build.0 = Release|iPhone
		{15A3A317-32D3-4307-805B-132D31C08FC2}.Debug|Any CPU.ActiveCfg = Debug|Any CPU
		{15A3A317-32D3-4307-805B-132D31C08FC2}.Debug|Any CPU.Build.0 = Debug|Any CPU
		{15A3A317-32D3-4307-805B-132D31C08FC2}.Release|Any CPU.ActiveCfg = Release|Any CPU
		{15A3A317-32D3-4307-805B-132D31C08FC2}.Release|Any CPU.Build.0 = Release|Any CPU
		{15A3A317-32D3-4307-805B-132D31C08FC2}.Debug|iPhoneSimulator.ActiveCfg = Debug|Any CPU
		{15A3A317-32D3-4307-805B-132D31C08FC2}.Debug|iPhoneSimulator.Build.0 = Debug|Any CPU
		{15A3A317-32D3-4307-805B-132D31C08FC2}.Release|iPhoneSimulator.ActiveCfg = Release|Any CPU
		{15A3A317-32D3-4307-805B-132D31C08FC2}.Release|iPhoneSimulator.Build.0 = Release|Any CPU
		{15A3A317-32D3-4307-805B-132D31C08FC2}.Debug|iPhone.ActiveCfg = Debug|Any CPU
		{15A3A317-32D3-4307-805B-132D31C08FC2}.Debug|iPhone.Build.0 = Debug|Any CPU
		{15A3A317-32D3-4307-805B-132D31C08FC2}.Release|iPhone.ActiveCfg = Release|Any CPU
		{15A3A317-32D3-4307-805B-132D31C08FC2}.Release|iPhone.Build.0 = Release|Any CPU
	EndGlobalSection
	GlobalSection(SolutionProperties) = preSolution
		HideSolutionNode = FALSE
	EndGlobalSection
	GlobalSection(ExtensibilityGlobals) = postSolution
		SolutionGuid = {D4A1F61E-79CE-41B2-9F18-8F8D4598EFE8}
	EndGlobalSection
EndGlobal
